
Microsoft Visual Studio Solution File, Format Version 12.00
# Visual Studio Version 16
VisualStudioVersion = 16.0.29201.188
MinimumVisualStudioVersion = 10.0.40219.1
Project("{FAE04EC0-301F-11D3-BF4B-00C04F79EFBC}") = "PrevisaoDoTempo", "PrevisaoDoTempo\PrevisaoDoTempo.csproj", "{8BB40563-BFC5-4AD5-8F28-B7628AF7BD64}"
EndProject
Global
	GlobalSection(SolutionConfigurationPlatforms) = preSolution
		Debug|Any CPU = Debug|Any CPU
		Release|Any CPU = Release|Any CPU
	EndGlobalSection
	GlobalSection(ProjectConfigurationPlatforms) = postSolution
		{8BB40563-BFC5-4AD5-8F28-B7628AF7BD64}.Debug|Any CPU.ActiveCfg = Debug|Any CPU
		{8BB40563-BFC5-4AD5-8F28-B7628AF7BD64}.Debug|Any CPU.Build.0 = Debug|Any CPU
		{8BB40563-BFC5-4AD5-8F28-B7628AF7BD64}.Release|Any CPU.ActiveCfg = Release|Any CPU
		{8BB40563-BFC5-4AD5-8F28-B7628AF7BD64}.Release|Any CPU.Build.0 = Release|Any CPU
	EndGlobalSection
	GlobalSection(SolutionProperties) = preSolution
		HideSolutionNode = FALSE
	EndGlobalSection
	GlobalSection(ExtensibilityGlobals) = postSolution
		SolutionGuid = {F1724444-39F5-4A3D-A6BE-8D72B9C546A1}
	EndGlobalSection
EndGlobal
